<?xml version="1.0" encoding="utf-8"?>
<Project ToolsVersion="4.0" xmlns="http://schemas.microsoft.com/developer/msbuild/2003">
  <ItemGroup>
    <Filter Include="Source Files">
      <UniqueIdentifier>{4FC737F1-C7A5-4376-A066-2A32D752A2FF}</UniqueIdentifier>
      <Extensions>cpp;c;cc;cxx;def;odl;idl;hpj;bat;asm;asmx</Extensions>
    </Filter>
    <Filter Include="Header Files">
      <UniqueIdentifier>{93995380-89BD-4b04-88EB-625FBE52EBFB}</UniqueIdentifier>
      <Extensions>h;hpp;hxx;hm;inl;inc;xsd</Extensions>
    </Filter>
    <Filter Include="Resource Files">
      <UniqueIdentifier>{67DA6AB6-F800-4c08-8B7A-83BB121AAD01}</UniqueIdentifier>
      <Extensions>rc;ico;cur;bmp;dlg;rc2;rct;bin;rgs;gif;jpg;jpeg;jpe;resx;tiff;tif;png;wav;mfcribbon-ms</Extensions>
    </Filter>
  </ItemGroup>
  <ItemGroup>
    <None Include="ReadMe.txt" />
    <None Include="res\file_view.ico">
      <Filter>Resource Files</Filter>
    </None>
    <None Include="res\file_view_hc.ico">
      <Filter>Resource Files</Filter>
    </None>
    <None Include="res\class_view.ico">
      <Filter>Resource Files</Filter>
    </None>
    <None Include="res\class_view_hc.ico">
      <Filter>Resource Files</Filter>
    </None>
    <None Include="res\fileview.bmp">
      <Filter>Resource Files</Filter>
    </None>
    <None Include="res\fileview_hc.bmp">
      <Filter>Resource Files</Filter>
    </None>
    <None Include="res\classview.bmp">
      <Filter>Resource Files</Filter>
    </None>
    <None Include="res\classview_hc.bmp">
      <Filter>Resource Files</Filter>
    </None>
    <None Include="res\explorer.bmp">
      <Filter>Resource Files</Filter>
    </None>
    <None Include="res\explorer_hc.bmp">
      <Filter>Resource Files</Filter>
    </None>
    <None Include="res\sort.bmp">
      <Filter>Resource Files</Filter>
    </None>
    <None Include="res\sort_hc.bmp">
      <Filter>Resource Files</Filter>
    </None>
    <None Include="res\menuimages.bmp">
      <Filter>Resource Files</Filter>
    </None>
    <None Include="res\menuimages_hc.bmp">
      <Filter>Resource Files</Filter>
    </None>
    <None Include="res\output_wnd.ico">
      <Filter>Resource Files</Filter>
    </None>
    <None Include="res\output_wnd_hc.ico">
      <Filter>Resource Files</Filter>
    </None>
    <None Include="res\properties_wnd.ico">
      <Filter>Resource Files</Filter>
    </None>
    <None Include="res\properties_wnd_hc.ico">
      <Filter>Resource Files</Filter>
    </None>
    <None Include="res\properties.bmp">
      <Filter>Resource Files</Filter>
    </None>
    <None Include="res\properties_hc.bmp">
      <Filter>Resource Files</Filter>
    </None>
    <None Include="UserImages.bmp">
      <Filter>Resource Files</Filter>
    </None>
    <None Include="res\Gears.rc2">
      <Filter>Resource Files</Filter>
    </None>
    <None Include="res\GearsDoc.ico">
      <Filter>Resource Files</Filter>
    </None>
    <None Include="res\Gears.ico">
      <Filter>Resource Files</Filter>
    </None>
    <None Include="res\Toolbar.bmp">
      <Filter>Resource Files</Filter>
    </None>
    <None Include="res\Toolbar256.bmp">
      <Filter>Resource Files</Filter>
    </None>
  </ItemGroup>
  <ItemGroup>
    <ClInclude Include="stdafx.h">
      <Filter>Header Files</Filter>
    </ClInclude>
    <ClInclude Include="targetver.h">
      <Filter>Header Files</Filter>
    </ClInclude>
    <ClInclude Include="MainFrm.h">
      <Filter>Header Files</Filter>
    </ClInclude>
    <ClInclude Include="GearsDoc.h">
      <Filter>Header Files</Filter>
    </ClInclude>
    <ClInclude Include="Resource.h">
      <Filter>Header Files</Filter>
    </ClInclude>
    <ClInclude Include="FileView.h">
      <Filter>Header Files</Filter>
    </ClInclude>
    <ClInclude Include="OutputWnd.h">
      <Filter>Header Files</Filter>
    </ClInclude>
    <ClInclude Include="PropertiesWnd.h">
      <Filter>Header Files</Filter>
    </ClInclude>
    <ClInclude Include="Drawing.h">
      <Filter>Header Files</Filter>
    </ClInclude>
    <ClInclude Include="Geometry.h">
      <Filter>Header Files</Filter>
    </ClInclude>
    <ClInclude Include="Scroller.h">
      <Filter>Header Files</Filter>
    </ClInclude>
    <ClInclude Include="shared.h">
      <Filter>Header Files</Filter>
    </ClInclude>
    <ClInclude Include="cnc.h">
      <Filter>Header Files</Filter>
    </ClInclude>
    <ClInclude Include="Objects.h">
      <Filter>Header Files</Filter>
    </ClInclude>
    <ClInclude Include="LayerView.h">
      <Filter>Header Files</Filter>
    </ClInclude>
    <ClInclude Include="include\ctrlext.h">
      <Filter>Header Files</Filter>
    </ClInclude>
    <ClInclude Include="gear_gen.h">
      <Filter>Header Files</Filter>
    </ClInclude>
    <ClInclude Include="dxf.h">
      <Filter>Header Files</Filter>
    </ClInclude>
    <ClInclude Include="GearDialog.h">
      <Filter>Header Files</Filter>
    </ClInclude>
    <ClInclude Include="CADView.h">
      <Filter>Header Files</Filter>
    </ClInclude>
    <ClInclude Include="GearsView.h">
      <Filter>Header Files</Filter>
    </ClInclude>
    <ClInclude Include="CADFrame.h">
      <Filter>Header Files</Filter>
    </ClInclude>
    <ClInclude Include="CADDoc.h">
      <Filter>Header Files</Filter>
    </ClInclude>
    <ClInclude Include="MemDC.h">
      <Filter>Header Files</Filter>
    </ClInclude>
    <ClInclude Include="include\HEWinApp.h">
      <Filter>Header Files</Filter>
    </ClInclude>
    <ClInclude Include="include\globals.h">
      <Filter>Header Files</Filter>
    </ClInclude>
    <ClInclude Include="include\dxflib\dl_writer_ascii.h">
      <Filter>Header Files</Filter>
    </ClInclude>
    <ClInclude Include="include\dxflib\dl_dxf.h">
      <Filter>Header Files</Filter>
    </ClInclude>
    <ClInclude Include="include\typeswitch.h">
      <Filter>Header Files</Filter>
    </ClInclude>
    <ClInclude Include="About.h">
      <Filter>Header Files</Filter>
    </ClInclude>
    <ClInclude Include="app_share.h">
      <Filter>Header Files</Filter>
    </ClInclude>
    <ClInclude Include="sgv.h">
      <Filter>Header Files</Filter>
    </ClInclude>
    <ClInclude Include="CAD.h">
      <Filter>Header Files</Filter>
    </ClInclude>
    <ClInclude Include="TinyLIB.h">
      <Filter>Header Files</Filter>
    </ClInclude>
    <ClInclude Include="..\BXLReader\BXL_Component.h">
      <Filter>Header Files</Filter>
    </ClInclude>
    <ClInclude Include="ECAD.h">
      <Filter>Header Files</Filter>
    </ClInclude>
    <ClInclude Include="BXLDoc.h">
      <Filter>Header Files</Filter>
    </ClInclude>
    <ClInclude Include="TinyCADDoc.h">
      <Filter>Header Files</Filter>
    </ClInclude>
    <ClInclude Include="TinyCadView.h">
      <Filter>Header Files</Filter>
    </ClInclude>
    <ClInclude Include="view_share.h">
      <Filter>Header Files</Filter>
    </ClInclude>
    <ClInclude Include="TestCADView.h">
      <Filter>Header Files</Filter>
    </ClInclude>
    <ClInclude Include="cad_full.h">
      <Filter>Header Files</Filter>
    </ClInclude>
    <ClInclude Include="TestCADDoc.h">
      <Filter>Header Files</Filter>
    </ClInclude>
    <ClInclude Include="KiCADDoc.h">
      <Filter>Header Files</Filter>
    </ClInclude>
    <ClInclude Include="..\KiCAD_parse\KiCADStore.h">
      <Filter>Header Files</Filter>
    </ClInclude>
    <ClInclude Include="project.h">
      <Filter>Header Files</Filter>
    </ClInclude>
    <ClInclude Include="include\xml\xml.h">
      <Filter>Header Files</Filter>
    </ClInclude>
    <ClInclude Include="include\xml\pugixml.hpp">
      <Filter>Header Files</Filter>
    </ClInclude>
    <ClInclude Include="include\xml\pugixpath.hpp">
      <Filter>Header Files</Filter>
    </ClInclude>
    <ClInclude Include="..\include\SQLite\CppSQLite3U.h">
      <Filter>Header Files</Filter>
    </ClInclude>
    <ClInclude Include="..\include\SQLite\sqlite3.h">
      <Filter>Header Files</Filter>
    </ClInclude>
  </ItemGroup>
  <ItemGroup>
    <ClCompile Include="stdafx.cpp">
      <Filter>Source Files</Filter>
    </ClCompile>
    <ClCompile Include="MainFrm.cpp">
      <Filter>Source Files</Filter>
    </ClCompile>
    <ClCompile Include="GearsDoc.cpp">
      <Filter>Source Files</Filter>
    </ClCompile>
    <ClCompile Include="FileView.cpp">
      <Filter>Source Files</Filter>
    </ClCompile>
    <ClCompile Include="OutputWnd.cpp">
      <Filter>Source Files</Filter>
    </ClCompile>
    <ClCompile Include="PropertiesWnd.cpp">
      <Filter>Source Files</Filter>
    </ClCompile>
    <ClCompile Include="Drawing.cpp">
      <Filter>Source Files</Filter>
    </ClCompile>
    <ClCompile Include="Geometry.cpp">
      <Filter>Source Files</Filter>
    </ClCompile>
    <ClCompile Include="Scroller.cpp">
      <Filter>Source Files</Filter>
    </ClCompile>
    <ClCompile Include="cnc.cpp">
      <Filter>Source Files</Filter>
    </ClCompile>
    <ClCompile Include="dxf.cpp">
      <Filter>Source Files</Filter>
    </ClCompile>
    <ClCompile Include="Objects.cpp">
      <Filter>Source Files</Filter>
    </ClCompile>
    <ClCompile Include="LayerView.cpp">
      <Filter>Source Files</Filter>
    </ClCompile>
    <ClCompile Include="source\ctrlext.cpp">
      <Filter>Source Files</Filter>
    </ClCompile>
    <ClCompile Include="ViewTree.cpp">
      <Filter>Source Files</Filter>
    </ClCompile>
    <ClCompile Include="gear_gen.cpp">
      <Filter>Source Files</Filter>
    </ClCompile>
    <ClCompile Include="GearDialog.cpp">
      <Filter>Source Files</Filter>
    </ClCompile>
    <ClCompile Include="CADView.cpp">
      <Filter>Source Files</Filter>
    </ClCompile>
    <ClCompile Include="GearsView.cpp">
      <Filter>Source Files</Filter>
    </ClCompile>
    <ClCompile Include="CADFrame.cpp">
      <Filter>Source Files</Filter>
    </ClCompile>
    <ClCompile Include="CADDoc.cpp">
      <Filter>Source Files</Filter>
    </ClCompile>
    <ClCompile Include="source\HEWinApp.cpp">
      <Filter>Source Files</Filter>
    </ClCompile>
    <ClCompile Include="notes.cpp" />
    <ClCompile Include="About.cpp">
      <Filter>Source Files</Filter>
    </ClCompile>
    <ClCompile Include="Globals.cpp">
      <Filter>Source Files</Filter>
    </ClCompile>
    <ClCompile Include="sgv.cpp">
      <Filter>Source Files</Filter>
    </ClCompile>
    <ClCompile Include="app_share.cpp">
      <Filter>Source Files</Filter>
    </ClCompile>
    <ClCompile Include="debug.cpp">
      <Filter>Source Files</Filter>
    </ClCompile>
    <ClCompile Include="CAD.cpp">
      <Filter>Source Files</Filter>
    </ClCompile>
    <ClCompile Include="ECAD.cpp">
      <Filter>Source Files</Filter>
    </ClCompile>
    <ClCompile Include="BXLDoc.cpp">
      <Filter>Source Files</Filter>
    </ClCompile>
    <ClCompile Include="TinyCADDoc.cpp">
      <Filter>Source Files</Filter>
    </ClCompile>
    <ClCompile Include="TinyCADView.cpp">
      <Filter>Source Files</Filter>
    </ClCompile>
    <ClCompile Include="view_share.cpp">
      <Filter>Source Files</Filter>
    </ClCompile>
    <ClCompile Include="TestCADView.cpp">
      <Filter>Source Files</Filter>
    </ClCompile>
    <ClCompile Include="TestCADDoc.cpp">
      <Filter>Source Files</Filter>
    </ClCompile>
    <ClCompile Include="KiCADDoc.cpp">
      <Filter>Source Files</Filter>
    </ClCompile>
    <ClCompile Include="project.cpp">
      <Filter>Source Files</Filter>
    </ClCompile>
    <ClCompile Include="..\include\xml\pugixml.cpp">
      <Filter>Source Files</Filter>
    </ClCompile>
    <ClCompile Include="..\include\SQLite\CppSQLite3U.cpp">
      <Filter>Source Files</Filter>
    </ClCompile>
  </ItemGroup>
  <ItemGroup>
    <ResourceCompile Include="Gears.rc">
      <Filter>Resource Files</Filter>
    </ResourceCompile>
  </ItemGroup>
  <ItemGroup>
    <Text Include="dev.txt" />
  </ItemGroup>
</Project>